
Microsoft Visual Studio Solution File, Format Version 12.00
# Visual Studio Version 17
VisualStudioVersion = 17.14.36401.2 d17.14
MinimumVisualStudioVersion = 10.0.40219.1
Project("{FAE04EC0-301F-11D3-BF4B-00C04F79EFBC}") = "WebApplication13", "WebApplication13\WebApplication13.csproj", "{414833F9-BA79-4C97-8B0F-03C227795788}"
EndProject
Global
	GlobalSection(SolutionConfigurationPlatforms) = preSolution
		Debug|Any CPU = Debug|Any CPU
		Release|Any CPU = Release|Any CPU
	EndGlobalSection
	GlobalSection(ProjectConfigurationPlatforms) = postSolution
		{414833F9-BA79-4C97-8B0F-03C227795788}.Debug|Any CPU.ActiveCfg = Debug|Any CPU
		{414833F9-BA79-4C97-8B0F-03C227795788}.Debug|Any CPU.Build.0 = Debug|Any CPU
		{414833F9-BA79-4C97-8B0F-03C227795788}.Release|Any CPU.ActiveCfg = Release|Any CPU
		{414833F9-BA79-4C97-8B0F-03C227795788}.Release|Any CPU.Build.0 = Release|Any CPU
	EndGlobalSection
	GlobalSection(SolutionProperties) = preSolution
		HideSolutionNode = FALSE
	EndGlobalSection
	GlobalSection(ExtensibilityGlobals) = postSolution
		SolutionGuid = {A2857788-F530-4C47-8595-69A9B371BE9F}
	EndGlobalSection
EndGlobal
